
Microsoft Visual Studio Solution File, Format Version 12.00
# Visual Studio Version 17
VisualStudioVersion = 17.7.34031.279
MinimumVisualStudioVersion = 10.0.40219.1
Project("{9A19103F-16F7-4668-BE54-9A1E7A4F7556}") = "SynchronizationUtils.GlobalLock", "SynchronizationUtils.GlobalLock\SynchronizationUtils.GlobalLock.csproj", "{18E991A6-DF0A-4CCD-A36F-9E4BC0378B33}"
EndProject
Project("{9A19103F-16F7-4668-BE54-9A1E7A4F7556}") = "SynchronizationUtils.GlobalLock.Tests", "SynchronizationUtils.GlobalLock.Tests\SynchronizationUtils.GlobalLock.Tests.csproj", "{9B2D795C-21DD-40CF-B5A8-8D81D6F6880E}"
EndProject
Global
	GlobalSection(SolutionConfigurationPlatforms) = preSolution
		Debug|Any CPU = Debug|Any CPU
		Release|Any CPU = Release|Any CPU
	EndGlobalSection
	GlobalSection(ProjectConfigurationPlatforms) = postSolution
		{18E991A6-DF0A-4CCD-A36F-9E4BC0378B33}.Debug|Any CPU.ActiveCfg = Debug|Any CPU
		{18E991A6-DF0A-4CCD-A36F-9E4BC0378B33}.Debug|Any CPU.Build.0 = Debug|Any CPU
		{18E991A6-DF0A-4CCD-A36F-9E4BC0378B33}.Release|Any CPU.ActiveCfg = Release|Any CPU
		{18E991A6-DF0A-4CCD-A36F-9E4BC0378B33}.Release|Any CPU.Build.0 = Release|Any CPU
		{9B2D795C-21DD-40CF-B5A8-8D81D6F6880E}.Debug|Any CPU.ActiveCfg = Debug|Any CPU
		{9B2D795C-21DD-40CF-B5A8-8D81D6F6880E}.Debug|Any CPU.Build.0 = Debug|Any CPU
		{9B2D795C-21DD-40CF-B5A8-8D81D6F6880E}.Release|Any CPU.ActiveCfg = Release|Any CPU
		{9B2D795C-21DD-40CF-B5A8-8D81D6F6880E}.Release|Any CPU.Build.0 = Release|Any CPU
	EndGlobalSection
	GlobalSection(SolutionProperties) = preSolution
		HideSolutionNode = FALSE
	EndGlobalSection
	GlobalSection(ExtensibilityGlobals) = postSolution
		SolutionGuid = {ACC71D2A-DA4F-40ED-BA8C-635D322D7F53}
	EndGlobalSection
EndGlobal
